
Microsoft Visual Studio Solution File, Format Version 12.00
# Visual Studio Version 17
VisualStudioVersion = 17.4.33403.182
MinimumVisualStudioVersion = 10.0.40219.1
Project("{FAE04EC0-301F-11D3-BF4B-00C04F79EFBC}") = "part1", "part1\part1.csproj", "{CE4FF858-A678-4023-AA4F-D4D2939E8C7E}"
EndProject
Project("{FAE04EC0-301F-11D3-BF4B-00C04F79EFBC}") = "part2_1", "part2\part2_1.csproj", "{9A594F73-EB7A-4BF0-89A4-E3A2F781235D}"
EndProject
Project("{FAE04EC0-301F-11D3-BF4B-00C04F79EFBC}") = "part2_2", "part2_2\part2_2.csproj", "{B965519E-863E-4CCC-A421-1A7F9D3B6847}"
EndProject
Project("{FAE04EC0-301F-11D3-BF4B-00C04F79EFBC}") = "part2_3", "part2_3\part2_3.csproj", "{66D27C59-4604-4C18-A220-39F36D953574}"
EndProject
Project("{FAE04EC0-301F-11D3-BF4B-00C04F79EFBC}") = "part2_4", "part2_4\part2_4.csproj", "{59C9C4EF-31AD-4A1B-A529-F30E9BA22723}"
EndProject
Project("{FAE04EC0-301F-11D3-BF4B-00C04F79EFBC}") = "part2_5", "part2_5\part2_5.csproj", "{674C232C-1E36-4920-9ABA-9F2FB4055FA0}"
EndProject
Project("{FAE04EC0-301F-11D3-BF4B-00C04F79EFBC}") = "part3_1", "part3_1\part3_1.csproj", "{8FE66E22-7B52-429B-AAD0-52E7138B7FCB}"
EndProject
Project("{FAE04EC0-301F-11D3-BF4B-00C04F79EFBC}") = "part3_2", "part3_2\part3_2.csproj", "{479C889B-7BA6-4E12-819E-DFC12B275D20}"
EndProject
Project("{FAE04EC0-301F-11D3-BF4B-00C04F79EFBC}") = "part4_1", "part4_1\part4_1.csproj", "{E2F22589-D2E6-4E05-99E7-34D33410A090}"
EndProject
Project("{FAE04EC0-301F-11D3-BF4B-00C04F79EFBC}") = "part4_2", "part4_2\part4_2.csproj", "{56FDD548-CBDA-427C-BB5B-FDAD125F563B}"
EndProject
Project("{FAE04EC0-301F-11D3-BF4B-00C04F79EFBC}") = "part5", "part5\part5.csproj", "{6BC6F2B7-653B-42C8-9C14-51DE1FBFBA93}"
EndProject
Global
	GlobalSection(SolutionConfigurationPlatforms) = preSolution
		Debug|Any CPU = Debug|Any CPU
		Release|Any CPU = Release|Any CPU
	EndGlobalSection
	GlobalSection(ProjectConfigurationPlatforms) = postSolution
		{CE4FF858-A678-4023-AA4F-D4D2939E8C7E}.Debug|Any CPU.ActiveCfg = Debug|Any CPU
		{CE4FF858-A678-4023-AA4F-D4D2939E8C7E}.Debug|Any CPU.Build.0 = Debug|Any CPU
		{CE4FF858-A678-4023-AA4F-D4D2939E8C7E}.Release|Any CPU.ActiveCfg = Release|Any CPU
		{CE4FF858-A678-4023-AA4F-D4D2939E8C7E}.Release|Any CPU.Build.0 = Release|Any CPU
		{9A594F73-EB7A-4BF0-89A4-E3A2F781235D}.Debug|Any CPU.ActiveCfg = Debug|Any CPU
		{9A594F73-EB7A-4BF0-89A4-E3A2F781235D}.Debug|Any CPU.Build.0 = Debug|Any CPU
		{9A594F73-EB7A-4BF0-89A4-E3A2F781235D}.Release|Any CPU.ActiveCfg = Release|Any CPU
		{9A594F73-EB7A-4BF0-89A4-E3A2F781235D}.Release|Any CPU.Build.0 = Release|Any CPU
		{B965519E-863E-4CCC-A421-1A7F9D3B6847}.Debug|Any CPU.ActiveCfg = Debug|Any CPU
		{B965519E-863E-4CCC-A421-1A7F9D3B6847}.Debug|Any CPU.Build.0 = Debug|Any CPU
		{B965519E-863E-4CCC-A421-1A7F9D3B6847}.Release|Any CPU.ActiveCfg = Release|Any CPU
		{B965519E-863E-4CCC-A421-1A7F9D3B6847}.Release|Any CPU.Build.0 = Release|Any CPU
		{66D27C59-4604-4C18-A220-39F36D953574}.Debug|Any CPU.ActiveCfg = Debug|Any CPU
		{66D27C59-4604-4C18-A220-39F36D953574}.Debug|Any CPU.Build.0 = Debug|Any CPU
		{66D27C59-4604-4C18-A220-39F36D953574}.Release|Any CPU.ActiveCfg = Release|Any CPU
		{66D27C59-4604-4C18-A220-39F36D953574}.Release|Any CPU.Build.0 = Release|Any CPU
		{59C9C4EF-31AD-4A1B-A529-F30E9BA22723}.Debug|Any CPU.ActiveCfg = Debug|Any CPU
		{59C9C4EF-31AD-4A1B-A529-F30E9BA22723}.Debug|Any CPU.Build.0 = Debug|Any CPU
		{59C9C4EF-31AD-4A1B-A529-F30E9BA22723}.Release|Any CPU.ActiveCfg = Release|Any CPU
		{59C9C4EF-31AD-4A1B-A529-F30E9BA22723}.Release|Any CPU.Build.0 = Release|Any CPU
		{674C232C-1E36-4920-9ABA-9F2FB4055FA0}.Debug|Any CPU.ActiveCfg = Debug|Any CPU
		{674C232C-1E36-4920-9ABA-9F2FB4055FA0}.Debug|Any CPU.Build.0 = Debug|Any CPU
		{674C232C-1E36-4920-9ABA-9F2FB4055FA0}.Release|Any CPU.ActiveCfg = Release|Any CPU
		{674C232C-1E36-4920-9ABA-9F2FB4055FA0}.Release|Any CPU.Build.0 = Release|Any CPU
		{8FE66E22-7B52-429B-AAD0-52E7138B7FCB}.Debug|Any CPU.ActiveCfg = Debug|Any CPU
		{8FE66E22-7B52-429B-AAD0-52E7138B7FCB}.Debug|Any CPU.Build.0 = Debug|Any CPU
		{8FE66E22-7B52-429B-AAD0-52E7138B7FCB}.Release|Any CPU.ActiveCfg = Release|Any CPU
		{8FE66E22-7B52-429B-AAD0-52E7138B7FCB}.Release|Any CPU.Build.0 = Release|Any CPU
		{479C889B-7BA6-4E12-819E-DFC12B275D20}.Debug|Any CPU.ActiveCfg = Debug|Any CPU
		{479C889B-7BA6-4E12-819E-DFC12B275D20}.Debug|Any CPU.Build.0 = Debug|Any CPU
		{479C889B-7BA6-4E12-819E-DFC12B275D20}.Release|Any CPU.ActiveCfg = Release|Any CPU
		{479C889B-7BA6-4E12-819E-DFC12B275D20}.Release|Any CPU.Build.0 = Release|Any CPU
		{E2F22589-D2E6-4E05-99E7-34D33410A090}.Debug|Any CPU.ActiveCfg = Debug|Any CPU
		{E2F22589-D2E6-4E05-99E7-34D33410A090}.Debug|Any CPU.Build.0 = Debug|Any CPU
		{E2F22589-D2E6-4E05-99E7-34D33410A090}.Release|Any CPU.ActiveCfg = Release|Any CPU
		{E2F22589-D2E6-4E05-99E7-34D33410A090}.Release|Any CPU.Build.0 = Release|Any CPU
		{56FDD548-CBDA-427C-BB5B-FDAD125F563B}.Debug|Any CPU.ActiveCfg = Debug|Any CPU
		{56FDD548-CBDA-427C-BB5B-FDAD125F563B}.Debug|Any CPU.Build.0 = Debug|Any CPU
		{56FDD548-CBDA-427C-BB5B-FDAD125F563B}.Release|Any CPU.ActiveCfg = Release|Any CPU
		{56FDD548-CBDA-427C-BB5B-FDAD125F563B}.Release|Any CPU.Build.0 = Release|Any CPU
		{6BC6F2B7-653B-42C8-9C14-51DE1FBFBA93}.Debug|Any CPU.ActiveCfg = Debug|Any CPU
		{6BC6F2B7-653B-42C8-9C14-51DE1FBFBA93}.Debug|Any CPU.Build.0 = Debug|Any CPU
		{6BC6F2B7-653B-42C8-9C14-51DE1FBFBA93}.Release|Any CPU.ActiveCfg = Release|Any CPU
		{6BC6F2B7-653B-42C8-9C14-51DE1FBFBA93}.Release|Any CPU.Build.0 = Release|Any CPU
	EndGlobalSection
	GlobalSection(SolutionProperties) = preSolution
		HideSolutionNode = FALSE
	EndGlobalSection
	GlobalSection(ExtensibilityGlobals) = postSolution
		SolutionGuid = {3A1E63B9-13C4-4FB8-8679-96186B7FD91C}
	EndGlobalSection
EndGlobal
